{
    "name": "nd0067-c4-deployment-process-project-starter-master",
    "lockfileVersion": 2,
    "requires": true,
    "packages": {
        "": {
            "dependencies": {
                "eb": "^0.0.1"
            }
        },
        "node_modules/eb": {
            "version": "0.0.1",
            "resolved": "https://registry.npmjs.org/eb/-/eb-0.0.1.tgz",
            "integrity": "sha512-O6pvtGkhgQ79nQaMn1BYm892rXPns3PD7kMrwBfeyX3OOIbMRnvrI0Dr0xwvMdsGUabXqS/XbOSI0maCb5d7gQ=="
        }
    },
    "dependencies": {
        "eb": {
            "version": "0.0.1",
            "resolved": "https://registry.npmjs.org/eb/-/eb-0.0.1.tgz",
            "integrity": "sha512-O6pvtGkhgQ79nQaMn1BYm892rXPns3PD7kMrwBfeyX3OOIbMRnvrI0Dr0xwvMdsGUabXqS/XbOSI0maCb5d7gQ=="
        }
    }
}
